
Microsoft Visual Studio Solution File, Format Version 12.00
# Visual Studio 15
Project("{FAE04EC0-301F-11D3-BF4B-00C04F79EFBC}") = "atmps.web", "atmps.web\atmps.web.csproj", "{ABB93804-C59E-4258-AFC2-7E1CF4917313}"
EndProject
Project("{2150E333-8FDC-42A3-9474-1A3956D46DE8}") = "atm", "atm", "{6995191F-2198-43F7-B945-BC1FEBC202E2}"
EndProject
Project("{FAE04EC0-301F-11D3-BF4B-00C04F79EFBC}") = "atmps.domain", "atmps.domain\atmps.domain.csproj", "{34ADD866-9706-40F0-9538-C31C8896BE94}"
EndProject
Project("{FAE04EC0-301F-11D3-BF4B-00C04F79EFBC}") = "atmps.domain.appServices", "atmps.domain.appServices\atmps.domain.appServices.csproj", "{50B70C67-6164-4A8B-BF11-C45FB9028AD2}"
EndProject
Project("{FAE04EC0-301F-11D3-BF4B-00C04F79EFBC}") = "atmps.domain.appServices.tests", "atmps.domain.appServices.tests\atmps.domain.appServices.tests.csproj", "{1B91C6DB-3BD5-41E7-8FB7-880B8E3C807D}"
EndProject
Project("{FAE04EC0-301F-11D3-BF4B-00C04F79EFBC}") = "atmps.domain.infrastructure", "atmps.domain.infrastructure\atmps.domain.infrastructure.csproj", "{3A33AC34-FD9F-48E8-BFC1-0BED10BC024A}"
EndProject
Project("{2150E333-8FDC-42A3-9474-1A3956D46DE8}") = "virtual-pos", "virtual-pos", "{13D6B1BE-C3AF-4C5A-8CDC-71652CF01642}"
EndProject
Project("{FAE04EC0-301F-11D3-BF4B-00C04F79EFBC}") = "vpos.contract", "vpos.contract\vpos.contract.csproj", "{CDCDE355-8420-47A8-B68B-33CC2E8213D8}"
EndProject
Project("{FAE04EC0-301F-11D3-BF4B-00C04F79EFBC}") = "vpos.seb", "vpos.seb\vpos.seb.csproj", "{09E2B99A-C545-4C8F-BA6D-F8A28959355E}"
EndProject
Project("{FAE04EC0-301F-11D3-BF4B-00C04F79EFBC}") = "vpos.seb.business", "vpos.seb.business\vpos.seb.business.csproj", "{300B0C5D-C0E2-4E03-9499-C666932C445F}"
EndProject
Project("{2150E333-8FDC-42A3-9474-1A3956D46DE8}") = "seb", "seb", "{F35C885F-D80E-472C-BF10-FF68FB3DA63B}"
EndProject
Project("{FAE04EC0-301F-11D3-BF4B-00C04F79EFBC}") = "vpos.seb.domain", "vpos.seb.domain\vpos.seb.domain.csproj", "{822953C0-E419-4299-B9B9-385BC0CFFB7D}"
EndProject
Project("{FAE04EC0-301F-11D3-BF4B-00C04F79EFBC}") = "vpos.seb.domain.infrastructure", "vpos.seb.domain.infrastructure\vpos.seb.domain.infrastructure.csproj", "{AF1F212D-4460-407A-9BA5-7AE1A03F0D6C}"
EndProject
Project("{FAE04EC0-301F-11D3-BF4B-00C04F79EFBC}") = "vpos.messages", "vpos.messages\vpos.messages.csproj", "{D5EB6FE0-B061-44BF-BF05-3220C64372BA}"
EndProject
Project("{2150E333-8FDC-42A3-9474-1A3956D46DE8}") = "core", "core", "{3A406CC9-3DA8-44B2-9DA0-343BC4467C2F}"
EndProject
Global
	GlobalSection(SolutionConfigurationPlatforms) = preSolution
		Debug|Any CPU = Debug|Any CPU
		Release|Any CPU = Release|Any CPU
	EndGlobalSection
	GlobalSection(ProjectConfigurationPlatforms) = postSolution
		{ABB93804-C59E-4258-AFC2-7E1CF4917313}.Debug|Any CPU.ActiveCfg = Debug|Any CPU
		{ABB93804-C59E-4258-AFC2-7E1CF4917313}.Debug|Any CPU.Build.0 = Debug|Any CPU
		{ABB93804-C59E-4258-AFC2-7E1CF4917313}.Release|Any CPU.ActiveCfg = Release|Any CPU
		{ABB93804-C59E-4258-AFC2-7E1CF4917313}.Release|Any CPU.Build.0 = Release|Any CPU
		{34ADD866-9706-40F0-9538-C31C8896BE94}.Debug|Any CPU.ActiveCfg = Debug|Any CPU
		{34ADD866-9706-40F0-9538-C31C8896BE94}.Debug|Any CPU.Build.0 = Debug|Any CPU
		{34ADD866-9706-40F0-9538-C31C8896BE94}.Release|Any CPU.ActiveCfg = Release|Any CPU
		{34ADD866-9706-40F0-9538-C31C8896BE94}.Release|Any CPU.Build.0 = Release|Any CPU
		{50B70C67-6164-4A8B-BF11-C45FB9028AD2}.Debug|Any CPU.ActiveCfg = Debug|Any CPU
		{50B70C67-6164-4A8B-BF11-C45FB9028AD2}.Debug|Any CPU.Build.0 = Debug|Any CPU
		{50B70C67-6164-4A8B-BF11-C45FB9028AD2}.Release|Any CPU.ActiveCfg = Release|Any CPU
		{50B70C67-6164-4A8B-BF11-C45FB9028AD2}.Release|Any CPU.Build.0 = Release|Any CPU
		{1B91C6DB-3BD5-41E7-8FB7-880B8E3C807D}.Debug|Any CPU.ActiveCfg = Debug|Any CPU
		{1B91C6DB-3BD5-41E7-8FB7-880B8E3C807D}.Debug|Any CPU.Build.0 = Debug|Any CPU
		{1B91C6DB-3BD5-41E7-8FB7-880B8E3C807D}.Release|Any CPU.ActiveCfg = Release|Any CPU
		{1B91C6DB-3BD5-41E7-8FB7-880B8E3C807D}.Release|Any CPU.Build.0 = Release|Any CPU
		{3A33AC34-FD9F-48E8-BFC1-0BED10BC024A}.Debug|Any CPU.ActiveCfg = Debug|Any CPU
		{3A33AC34-FD9F-48E8-BFC1-0BED10BC024A}.Debug|Any CPU.Build.0 = Debug|Any CPU
		{3A33AC34-FD9F-48E8-BFC1-0BED10BC024A}.Release|Any CPU.ActiveCfg = Release|Any CPU
		{3A33AC34-FD9F-48E8-BFC1-0BED10BC024A}.Release|Any CPU.Build.0 = Release|Any CPU
		{CDCDE355-8420-47A8-B68B-33CC2E8213D8}.Debug|Any CPU.ActiveCfg = Debug|Any CPU
		{CDCDE355-8420-47A8-B68B-33CC2E8213D8}.Debug|Any CPU.Build.0 = Debug|Any CPU
		{CDCDE355-8420-47A8-B68B-33CC2E8213D8}.Release|Any CPU.ActiveCfg = Release|Any CPU
		{CDCDE355-8420-47A8-B68B-33CC2E8213D8}.Release|Any CPU.Build.0 = Release|Any CPU
		{09E2B99A-C545-4C8F-BA6D-F8A28959355E}.Debug|Any CPU.ActiveCfg = Debug|Any CPU
		{09E2B99A-C545-4C8F-BA6D-F8A28959355E}.Debug|Any CPU.Build.0 = Debug|Any CPU
		{09E2B99A-C545-4C8F-BA6D-F8A28959355E}.Release|Any CPU.ActiveCfg = Release|Any CPU
		{09E2B99A-C545-4C8F-BA6D-F8A28959355E}.Release|Any CPU.Build.0 = Release|Any CPU
		{300B0C5D-C0E2-4E03-9499-C666932C445F}.Debug|Any CPU.ActiveCfg = Debug|Any CPU
		{300B0C5D-C0E2-4E03-9499-C666932C445F}.Debug|Any CPU.Build.0 = Debug|Any CPU
		{300B0C5D-C0E2-4E03-9499-C666932C445F}.Release|Any CPU.ActiveCfg = Release|Any CPU
		{300B0C5D-C0E2-4E03-9499-C666932C445F}.Release|Any CPU.Build.0 = Release|Any CPU
		{822953C0-E419-4299-B9B9-385BC0CFFB7D}.Debug|Any CPU.ActiveCfg = Debug|Any CPU
		{822953C0-E419-4299-B9B9-385BC0CFFB7D}.Debug|Any CPU.Build.0 = Debug|Any CPU
		{822953C0-E419-4299-B9B9-385BC0CFFB7D}.Release|Any CPU.ActiveCfg = Release|Any CPU
		{822953C0-E419-4299-B9B9-385BC0CFFB7D}.Release|Any CPU.Build.0 = Release|Any CPU
		{AF1F212D-4460-407A-9BA5-7AE1A03F0D6C}.Debug|Any CPU.ActiveCfg = Debug|Any CPU
		{AF1F212D-4460-407A-9BA5-7AE1A03F0D6C}.Debug|Any CPU.Build.0 = Debug|Any CPU
		{AF1F212D-4460-407A-9BA5-7AE1A03F0D6C}.Release|Any CPU.ActiveCfg = Release|Any CPU
		{AF1F212D-4460-407A-9BA5-7AE1A03F0D6C}.Release|Any CPU.Build.0 = Release|Any CPU
		{D5EB6FE0-B061-44BF-BF05-3220C64372BA}.Debug|Any CPU.ActiveCfg = Debug|Any CPU
		{D5EB6FE0-B061-44BF-BF05-3220C64372BA}.Debug|Any CPU.Build.0 = Debug|Any CPU
		{D5EB6FE0-B061-44BF-BF05-3220C64372BA}.Release|Any CPU.ActiveCfg = Release|Any CPU
		{D5EB6FE0-B061-44BF-BF05-3220C64372BA}.Release|Any CPU.Build.0 = Release|Any CPU
	EndGlobalSection
	GlobalSection(NestedProjects) = preSolution
		{34ADD866-9706-40F0-9538-C31C8896BE94} = {3A406CC9-3DA8-44B2-9DA0-343BC4467C2F}
		{50B70C67-6164-4A8B-BF11-C45FB9028AD2} = {3A406CC9-3DA8-44B2-9DA0-343BC4467C2F}
		{1B91C6DB-3BD5-41E7-8FB7-880B8E3C807D} = {3A406CC9-3DA8-44B2-9DA0-343BC4467C2F}
		{3A33AC34-FD9F-48E8-BFC1-0BED10BC024A} = {3A406CC9-3DA8-44B2-9DA0-343BC4467C2F}
		{CDCDE355-8420-47A8-B68B-33CC2E8213D8} = {13D6B1BE-C3AF-4C5A-8CDC-71652CF01642}
		{09E2B99A-C545-4C8F-BA6D-F8A28959355E} = {F35C885F-D80E-472C-BF10-FF68FB3DA63B}
		{300B0C5D-C0E2-4E03-9499-C666932C445F} = {F35C885F-D80E-472C-BF10-FF68FB3DA63B}
		{F35C885F-D80E-472C-BF10-FF68FB3DA63B} = {13D6B1BE-C3AF-4C5A-8CDC-71652CF01642}
		{822953C0-E419-4299-B9B9-385BC0CFFB7D} = {F35C885F-D80E-472C-BF10-FF68FB3DA63B}
		{AF1F212D-4460-407A-9BA5-7AE1A03F0D6C} = {F35C885F-D80E-472C-BF10-FF68FB3DA63B}
		{D5EB6FE0-B061-44BF-BF05-3220C64372BA} = {13D6B1BE-C3AF-4C5A-8CDC-71652CF01642}
		{ABB93804-C59E-4258-AFC2-7E1CF4917313} = {6995191F-2198-43F7-B945-BC1FEBC202E2}
		{3A406CC9-3DA8-44B2-9DA0-343BC4467C2F} = {6995191F-2198-43F7-B945-BC1FEBC202E2}
	EndGlobalSection
EndGlobal
